<Solution>
  <Configurations>
    <Platform Name="x64" />
    <Platform Name="x86" />
  </Configurations>
  <Project Path="Project1/Project1.vcxproj" Id="2fe97f59-be3e-4a32-ba1d-4a4a5e24a700" />
  <Project Path="Project2/Project2.vcxproj" Id="d00bcacc-abcb-4e82-bd7f-d55dde7f2b55" />
  <Project Path="Staff_System/Staff_System.vcxproj" Id="84bf6b5b-a323-486c-b72c-9328720314b5" />
</Solution>
